Microsoft Visual Studio Solution File, Format Version 12.00
# Visual Studio 15
VisualStudioVersion = 15.0.28016.0
MinimumVisualStudioVersion = 10.0.40219.1
Project("{9A19103F-16F7-4668-BE54-9A1E7A4F7556}") = "GenerateBitmapTest", "GenerateBitmapTest.csproj", "{B1F84535-0887-4429-8222-C02ECF2424F0}"
EndProject
Global
	GlobalSection(SolutionConfigurationPlatforms) = preSolution
		Debug|Any CPU = Debug|Any CPU
		Release|Any CPU = Release|Any CPU
	EndGlobalSection
	GlobalSection(ProjectConfigurationPlatforms) = postSolution
		{B1F84535-0887-4429-8222-C02ECF2424F0}.Debug|Any CPU.ActiveCfg = Debug|Any CPU
		{B1F84535-0887-4429-8222-C02ECF2424F0}.Debug|Any CPU.Build.0 = Debug|Any CPU
		{B1F84535-0887-4429-8222-C02ECF2424F0}.Release|Any CPU.ActiveCfg = Release|Any CPU
		{B1F84535-0887-4429-8222-C02ECF2424F0}.Release|Any CPU.Build.0 = Release|Any CPU
	EndGlobalSection
	GlobalSection(SolutionProperties) = preSolution
		HideSolutionNode = FALSE
	EndGlobalSection
	GlobalSection(ExtensibilityGlobals) = postSolution
		SolutionGuid = {A202D38E-8285-4ED3-B0CC-1D61CED593D2}
	EndGlobalSection
EndGlobal
